
Microsoft Visual Studio Solution File, Format Version 12.00
# Visual Studio Version 17
VisualStudioVersion = 17.11.35219.272
MinimumVisualStudioVersion = 10.0.40219.1
Project("{8BC9CEB8-8B4A-11D0-8D11-00A0C91BC942}") = "Project", "Project.vcxproj", "{48E0CB2C-53F7-4798-B8B7-20EC6E9031B5}"
EndProject
Global
	GlobalSection(SolutionConfigurationPlatforms) = preSolution
		Debug|x64 = Debug|x64
		Debug|x86 = Debug|x86
		Release|x64 = Release|x64
		Release|x86 = Release|x86
	EndGlobalSection
	GlobalSection(ProjectConfigurationPlatforms) = postSolution
		{48E0CB2C-53F7-4798-B8B7-20EC6E9031B5}.Debug|x64.ActiveCfg = Debug|x64
		{48E0CB2C-53F7-4798-B8B7-20EC6E9031B5}.Debug|x64.Build.0 = Debug|x64
		{48E0CB2C-53F7-4798-B8B7-20EC6E9031B5}.Debug|x86.ActiveCfg = Debug|Win32
		{48E0CB2C-53F7-4798-B8B7-20EC6E9031B5}.Debug|x86.Build.0 = Debug|Win32
		{48E0CB2C-53F7-4798-B8B7-20EC6E9031B5}.Release|x64.ActiveCfg = Release|x64
		{48E0CB2C-53F7-4798-B8B7-20EC6E9031B5}.Release|x64.Build.0 = Release|x64
		{48E0CB2C-53F7-4798-B8B7-20EC6E9031B5}.Release|x86.ActiveCfg = Release|Win32
		{48E0CB2C-53F7-4798-B8B7-20EC6E9031B5}.Release|x86.Build.0 = Release|Win32
	EndGlobalSection
	GlobalSection(SolutionProperties) = preSolution
		HideSolutionNode = FALSE
	EndGlobalSection
	GlobalSection(ExtensibilityGlobals) = postSolution
		SolutionGuid = {E691A3E7-7C4F-4C59-8825-2781C7E9535B}
	EndGlobalSection
EndGlobal
